
Microsoft Visual Studio Solution File, Format Version 12.00
# Visual Studio Version 16
VisualStudioVersion = 16.0.31911.196
MinimumVisualStudioVersion = 10.0.40219.1
Project("{FAE04EC0-301F-11D3-BF4B-00C04F79EFBC}") = "ShellcodeTool", "ShellcodeTool.csproj", "{7625F48A-277E-4CA0-92AC-7E4506FB0366}"
EndProject
Global
	GlobalSection(SolutionConfigurationPlatforms) = preSolution
		Debug|Any CPU = Debug|Any CPU
		Debug|x64 = Debug|x64
		Release|Any CPU = Release|Any CPU
		Release|x64 = Release|x64
	EndGlobalSection
	GlobalSection(ProjectConfigurationPlatforms) = postSolution
		{7625F48A-277E-4CA0-92AC-7E4506FB0366}.Debug|Any CPU.ActiveCfg = Debug|Any CPU
		{7625F48A-277E-4CA0-92AC-7E4506FB0366}.Debug|Any CPU.Build.0 = Debug|Any CPU
		{7625F48A-277E-4CA0-92AC-7E4506FB0366}.Debug|x64.ActiveCfg = Debug|x64
		{7625F48A-277E-4CA0-92AC-7E4506FB0366}.Debug|x64.Build.0 = Debug|x64
		{7625F48A-277E-4CA0-92AC-7E4506FB0366}.Release|Any CPU.ActiveCfg = Release|Any CPU
		{7625F48A-277E-4CA0-92AC-7E4506FB0366}.Release|Any CPU.Build.0 = Release|Any CPU
		{7625F48A-277E-4CA0-92AC-7E4506FB0366}.Release|x64.ActiveCfg = Release|x64
		{7625F48A-277E-4CA0-92AC-7E4506FB0366}.Release|x64.Build.0 = Release|x64
	EndGlobalSection
	GlobalSection(SolutionProperties) = preSolution
		HideSolutionNode = FALSE
	EndGlobalSection
	GlobalSection(ExtensibilityGlobals) = postSolution
		SolutionGuid = {2FDC7617-43AD-4B4F-B9DA-21C1E8146574}
	EndGlobalSection
EndGlobal
